// !$*UTF8*$!
{
	archiveVersion = 1;
	classes = {
	};
	objectVersion = 55;
	objects = {

/* Begin PBXBuildFile section */
		43DA7AAF2B8BAB1D00C35B28 /* AppDelegate.swift in Sources */ = {isa = PBXBuildFile; fileRef = 43DA7AAE2B8BAB1D00C35B28 /* AppDelegate.swift */; };
		43DA7AB12B8BAB1D00C35B28 /* SceneDelegate.swift in Sources */ = {isa = PBXBuildFile; fileRef = 43DA7AB02B8BAB1D00C35B28 /* SceneDelegate.swift */; };
		43DA7AB32B8BAB1D00C35B28 /* ViewController.swift in Sources */ = {isa = PBXBuildFile; fileRef = 43DA7AB22B8BAB1D00C35B28 /* ViewController.swift */; };
		43DA7AB62B8BAB1D00C35B28 /* Main.storyboard in Resources */ = {isa = PBXBuildFile; fileRef = 43DA7AB42B8BAB1D00C35B28 /* Main.storyboard */; };
		43DA7AB82B8BAB2500C35B28 /* Assets.xcassets in Resources */ = {isa = PBXBuildFile; fileRef = 43DA7AB72B8BAB2500C35B28 /* Assets.xcassets */; };
		43DA7ABB2B8BAB2500C35B28 /* LaunchScreen.storyboard in Resources */ = {isa = PBXBuildFile; fileRef = 43DA7AB92B8BAB2500C35B28 /* LaunchScreen.storyboard */; };
		43DA7AC62B8BAB2500C35B28 /* TinkoffCalculatorTests.swift in Sources */ = {isa = PBXBuildFile; fileRef = 43DA7AC52B8BAB2500C35B28 /* TinkoffCalculatorTests.swift */; };
		43DA7AD02B8BAB2600C35B28 /* TinkoffCalculatorUITests.swift in Sources */ = {isa = PBXBuildFile; fileRef = 43DA7ACF2B8BAB2600C35B28 /* TinkoffCalculatorUITests.swift */; };
		43DA7AD22B8BAB2600C35B28 /* TinkoffCalculatorUITestsLaunchTests.swift in Sources */ = {isa = PBXBuildFile; fileRef = 43DA7AD12B8BAB2600C35B28 /* TinkoffCalculatorUITestsLaunchTests.swift */; };
/* End PBXBuildFile section */

/* Begin PBXContainerItemProxy section */
		43DA7AC22B8BAB2500C35B28 /* PBXContainerItemProxy */ = {
			isa = PBXContainerItemProxy;
			containerPortal = 43DA7AA32B8BAB1D00C35B28 /* Project object */;
			proxyType = 1;
			remoteGlobalIDString = 43DA7AAA2B8BAB1D00C35B28;
			remoteInfo = TinkoffCalculator;
		};
		43DA7ACC2B8BAB2600C35B28 /* PBXContainerItemProxy */ = {
			isa = PBXContainerItemProxy;
			containerPortal = 43DA7AA32B8BAB1D00C35B28 /* Project object */;
			proxyType = 1;
			remoteGlobalIDString = 43DA7AAA2B8BAB1D00C35B28;
			remoteInfo = TinkoffCalculator;
		};
/* End PBXContainerItemProxy section */

/* Begin PBXFileReference section */
		43DA7AAB2B8BAB1D00C35B28 /* TinkoffCalculator.app */ = {isa = PBXFileReference; explicitFileType = wrapper.application; includeInIndex = 0; path = TinkoffCalculator.app; sourceTree = BUILT_PRODUCTS_DIR; };
		43DA7AAE2B8BAB1D00C35B28 /* AppDelegate.swift */ = {isa = PBXFileReference; lastKnownFileType = sourcecode.swift; path = AppDelegate.swift; sourceTree = "<group>"; };
		43DA7AB02B8BAB1D00C35B28 /* SceneDelegate.swift */ = {isa = PBXFileReference; lastKnownFileType = sourcecode.swift; path = SceneDelegate.swift; sourceTree = "<group>"; };
		43DA7AB22B8BAB1D00C35B28 /* ViewController.swift */ = {isa = PBXFileReference; lastKnownFileType = sourcecode.swift; path = ViewController.swift; sourceTree = "<group>"; };
		43DA7AB52B8BAB1D00C35B28 /* Base */ = {isa = PBXFileReference; lastKnownFileType = file.storyboard; name = Base; path = Base.lproj/Main.storyboard; sourceTree = "<group>"; };
		43DA7AB72B8BAB2500C35B28 /* Assets.xcassets */ = {isa = PBXFileReference; lastKnownFileType = folder.assetcatalog; path = Assets.xcassets; sourceTree = "<group>"; };
		43DA7ABA2B8BAB2500C35B28 /* Base */ = {isa = PBXFileReference; lastKnownFileType = file.storyboard; name = Base; path = Base.lproj/LaunchScreen.storyboard; sourceTree = "<group>"; };
		43DA7ABC2B8BAB2500C35B28 /* Info.plist */ = {isa = PBXFileReference; lastKnownFileType = text.plist.xml; path = Info.plist; sourceTree = "<group>"; };
		43DA7AC12B8BAB2500C35B28 /* TinkoffCalculatorTests.xctest */ = {isa = PBXFileReference; explicitFileType = wrapper.cfbundle; includeInIndex = 0; path = TinkoffCalculatorTests.xctest; sourceTree = BUILT_PRODUCTS_DIR; };
		43DA7AC52B8BAB2500C35B28 /* TinkoffCalculatorTests.swift */ = {isa = PBXFileReference; lastKnownFileType = sourcecode.swift; path = TinkoffCalculatorTests.swift; sourceTree = "<group>"; };
		43DA7ACB2B8BAB2600C35B28 /* TinkoffCalculatorUITests.xctest */ = {isa = PBXFileReference; explicitFileType = wrapper.cfbundle; includeInIndex = 0; path = TinkoffCalculatorUITests.xctest; sourceTree = BUILT_PRODUCTS_DIR; };
		43DA7ACF2B8BAB2600C35B28 /* TinkoffCalculatorUITests.swift */ = {isa = PBXFileReference; lastKnownFileType = sourcecode.swift; path = TinkoffCalculatorUITests.swift; sourceTree = "<group>"; };
		43DA7AD12B8BAB2600C35B28 /* TinkoffCalculatorUITestsLaunchTests.swift */ = {isa = PBXFileReference; lastKnownFileType = sourcecode.swift; path = TinkoffCalculatorUITestsLaunchTests.swift; sourceTree = "<group>"; };
/* End PBXFileReference section */

/* Begin PBXFrameworksBuildPhase section */
		43DA7AA82B8BAB1D00C35B28 /* Frameworks */ = {
			isa = PBXFrameworksBuildPhase;
			buildActionMask = 2147483647;
			files = (
			);
			runOnlyForDeploymentPostprocessing = 0;
		};
		43DA7ABE2B8BAB2500C35B28 /* Frameworks */ = {
			isa = PBXFrameworksBuildPhase;
			buildActionMask = 2147483647;
			files = (
			);
			runOnlyForDeploymentPostprocessing = 0;
		};
		43DA7AC82B8BAB2600C35B28 /* Frameworks */ = {
			isa = PBXFrameworksBuildPhase;
			buildActionMask = 2147483647;
			files = (
			);
			runOnlyForDeploymentPostprocessing = 0;
		};
/* End PBXFrameworksBuildPhase section */

/* Begin PBXGroup section */
		43DA7AA22B8BAB1D00C35B28 = {
			isa = PBXGroup;
			children = (
				43DA7AAD2B8BAB1D00C35B28 /* TinkoffCalculator */,
				43DA7AC42B8BAB2500C35B28 /* TinkoffCalculatorTests */,
				43DA7ACE2B8BAB2600C35B28 /* TinkoffCalculatorUITests */,
				43DA7AAC2B8BAB1D00C35B28 /* Products */,
			);
			sourceTree = "<group>";
		};
		43DA7AAC2B8BAB1D00C35B28 /* Products */ = {
			isa = PBXGroup;
			children = (
				43DA7AAB2B8BAB1D00C35B28 /* TinkoffCalculator.app */,
				43DA7AC12B8BAB2500C35B28 /* TinkoffCalculatorTests.xctest */,
				43DA7ACB2B8BAB2600C35B28 /* TinkoffCalculatorUITests.xctest */,
			);
			name = Products;
			sourceTree = "<group>";
		};
		43DA7AAD2B8BAB1D00C35B28 /* TinkoffCalculator */ = {
			isa = PBXGroup;
			children = (
				43DA7AAE2B8BAB1D00C35B28 /* AppDelegate.swift */,
				43DA7AB02B8BAB1D00C35B28 /* SceneDelegate.swift */,
				43DA7AB22B8BAB1D00C35B28 /* ViewController.swift */,
				43DA7AB42B8BAB1D00C35B28 /* Main.storyboard */,
				43DA7AB72B8BAB2500C35B28 /* Assets.xcassets */,
				43DA7AB92B8BAB2500C35B28 /* LaunchScreen.storyboard */,
				43DA7ABC2B8BAB2500C35B28 /* Info.plist */,
			);
			path = TinkoffCalculator;
			sourceTree = "<group>";
		};
		43DA7AC42B8BAB2500C35B28 /* TinkoffCalculatorTests */ = {
			isa = PBXGroup;
			children = (
				43DA7AC52B8BAB2500C35B28 /* TinkoffCalculatorTests.swift */,
			);
			path = TinkoffCalculatorTests;
			sourceTree = "<group>";
		};
		43DA7ACE2B8BAB2600C35B28 /* TinkoffCalculatorUITests */ = {
			isa = PBXGroup;
			children = (
				43DA7ACF2B8BAB2600C35B28 /* TinkoffCalculatorUITests.swift */,
				43DA7AD12B8BAB2600C35B28 /* TinkoffCalculatorUITestsLaunchTests.swift */,
			);
			path = TinkoffCalculatorUITests;
			sourceTree = "<group>";
		};
/* End PBXGroup section */

/* Begin PBXNativeTarget section */
		43DA7AAA2B8BAB1D00C35B28 /* TinkoffCalculator */ = {
			isa = PBXNativeTarget;
			buildConfigurationList = 43DA7AD52B8BAB2600C35B28 /* Build configuration list for PBXNativeTarget "TinkoffCalculator" */;
			buildPhases = (
				43DA7AA72B8BAB1D00C35B28 /* Sources */,
				43DA7AA82B8BAB1D00C35B28 /* Frameworks */,
				43DA7AA92B8BAB1D00C35B28 /* Resources */,
			);
			buildRules = (
			);
			dependencies = (
			);
			name = TinkoffCalculator;
			productName = TinkoffCalculator;
			productReference = 43DA7AAB2B8BAB1D00C35B28 /* TinkoffCalculator.app */;
			productType = "com.apple.product-type.application";
		};
		43DA7AC02B8BAB2500C35B28 /* TinkoffCalculatorTests */ = {
			isa = PBXNativeTarget;
			buildConfigurationList = 43DA7AD82B8BAB2600C35B28 /* Build configuration list for PBXNativeTarget "TinkoffCalculatorTests" */;
			buildPhases = (
				43DA7ABD2B8BAB2500C35B28 /* Sources */,
				43DA7ABE2B8BAB2500C35B28 /* Frameworks */,
				43DA7ABF2B8BAB2500C35B28 /* Resources */,
			);
			buildRules = (
			);
			dependencies = (
				43DA7AC32B8BAB2500C35B28 /* PBXTargetDependency */,
			);
			name = TinkoffCalculatorTests;
			productName = TinkoffCalculatorTests;
			productReference = 43DA7AC12B8BAB2500C35B28 /* TinkoffCalculatorTests.xctest */;
			productType = "com.apple.product-type.bundle.unit-test";
		};
		43DA7ACA2B8BAB2600C35B28 /* TinkoffCalculatorUITests */ = {
			isa = PBXNativeTarget;
			buildConfigurationList = 43DA7ADB2B8BAB2600C35B28 /* Build configuration list for PBXNativeTarget "TinkoffCalculatorUITests" */;
			buildPhases = (
				43DA7AC72B8BAB2600C35B28 /* Sources */,
				43DA7AC82B8BAB2600C35B28 /* Frameworks */,
				43DA7AC92B8BAB2600C35B28 /* Resources */,
			);
			buildRules = (
			);
			dependencies = (
				43DA7ACD2B8BAB2600C35B28 /* PBXTargetDependency */,
			);
			name = TinkoffCalculatorUITests;
			productName = TinkoffCalculatorUITests;
			productReference = 43DA7ACB2B8BAB2600C35B28 /* TinkoffCalculatorUITests.xctest */;
			productType = "com.apple.product-type.bundle.ui-testing";
		};
/* End PBXNativeTarget section */

/* Begin PBXProject section */
		43DA7AA32B8BAB1D00C35B28 /* Project object */ = {
			isa = PBXProject;
			attributes = {
				BuildIndependentTargetsInParallel = 1;
				LastSwiftUpdateCheck = 1320;
				LastUpgradeCheck = 1320;
				TargetAttributes = {
					43DA7AAA2B8BAB1D00C35B28 = {
						CreatedOnToolsVersion = 13.2.1;
					};
					43DA7AC02B8BAB2500C35B28 = {
						CreatedOnToolsVersion = 13.2.1;
						TestTargetID = 43DA7AAA2B8BAB1D00C35B28;
					};
					43DA7ACA2B8BAB2600C35B28 = {
						CreatedOnToolsVersion = 13.2.1;
						TestTargetID = 43DA7AAA2B8BAB1D00C35B28;
					};
				};
			};
			buildConfigurationList = 43DA7AA62B8BAB1D00C35B28 /* Build configuration list for PBXProject "TinkoffCalculator" */;
			compatibilityVersion = "Xcode 13.0";
			developmentRegion = en;
			hasScannedForEncodings = 0;
			knownRegions = (
				en,
				Base,
			);
			mainGroup = 43DA7AA22B8BAB1D00C35B28;
			productRefGroup = 43DA7AAC2B8BAB1D00C35B28 /* Products */;
			projectDirPath = "";
			projectRoot = "";
			targets = (
				43DA7AAA2B8BAB1D00C35B28 /* TinkoffCalculator */,
				43DA7AC02B8BAB2500C35B28 /* TinkoffCalculatorTests */,
				43DA7ACA2B8BAB2600C35B28 /* TinkoffCalculatorUITests */,
			);
		};
/* End PBXProject section */

/* Begin PBXResourcesBuildPhase section */
		43DA7AA92B8BAB1D00C35B28 /* Resources */ = {
			isa = PBXResourcesBuildPhase;
			buildActionMask = 2147483647;
			files = (
				43DA7ABB2B8BAB2500C35B28 /* LaunchScreen.storyboard in Resources */,
				43DA7AB82B8BAB2500C35B28 /* Assets.xcassets in Resources */,
				43DA7AB62B8BAB1D00C35B28 /* Main.storyboard in Resources */,
			);
			runOnlyForDeploymentPostprocessing = 0;
		};
		43DA7ABF2B8BAB2500C35B28 /* Resources */ = {
			isa = PBXResourcesBuildPhase;
			buildActionMask = 2147483647;
			files = (
			);
			runOnlyForDeploymentPostprocessing = 0;
		};
		43DA7AC92B8BAB2600C35B28 /* Resources */ = {
			isa = PBXResourcesBuildPhase;
			buildActionMask = 2147483647;
			files = (
			);
			runOnlyForDeploymentPostprocessing = 0;
		};
/* End PBXResourcesBuildPhase section */

/* Begin PBXSourcesBuildPhase section */
		43DA7AA72B8BAB1D00C35B28 /* Sources */ = {
			isa = PBXSourcesBuildPhase;
			buildActionMask = 2147483647;
			files = (
				43DA7AB32B8BAB1D00C35B28 /* ViewController.swift in Sources */,
				43DA7AAF2B8BAB1D00C35B28 /* AppDelegate.swift in Sources */,
				43DA7AB12B8BAB1D00C35B28 /* SceneDelegate.swift in Sources */,
			);
			runOnlyForDeploymentPostprocessing = 0;
		};
		43DA7ABD2B8BAB2500C35B28 /* Sources */ = {
			isa = PBXSourcesBuildPhase;
			buildActionMask = 2147483647;
			files = (
				43DA7AC62B8BAB2500C35B28 /* TinkoffCalculatorTests.swift in Sources */,
			);
			runOnlyForDeploymentPostprocessing = 0;
		};
		43DA7AC72B8BAB2600C35B28 /* Sources */ = {
			isa = PBXSourcesBuildPhase;
			buildActionMask = 2147483647;
			files = (
				43DA7AD22B8BAB2600C35B28 /* TinkoffCalculatorUITestsLaunchTests.swift in Sources */,
				43DA7AD02B8BAB2600C35B28 /* TinkoffCalculatorUITests.swift in Sources */,
			);
			runOnlyForDeploymentPostprocessing = 0;
		};
/* End PBXSourcesBuildPhase section */

/* Begin PBXTargetDependency section */
		43DA7AC32B8BAB2500C35B28 /* PBXTargetDependency */ = {
			isa = PBXTargetDependency;
			target = 43DA7AAA2B8BAB1D00C35B28 /* TinkoffCalculator */;
			targetProxy = 43DA7AC22B8BAB2500C35B28 /* PBXContainerItemProxy */;
		};
		43DA7ACD2B8BAB2600C35B28 /* PBXTargetDependency */ = {
			isa = PBXTargetDependency;
			target = 43DA7AAA2B8BAB1D00C35B28 /* TinkoffCalculator */;
			targetProxy = 43DA7ACC2B8BAB2600C35B28 /* PBXContainerItemProxy */;
		};
/* End PBXTargetDependency section */

/* Begin PBXVariantGroup section */
		43DA7AB42B8BAB1D00C35B28 /* Main.storyboard */ = {
			isa = PBXVariantGroup;
			children = (
				43DA7AB52B8BAB1D00C35B28 /* Base */,
			);
			name = Main.storyboard;
			sourceTree = "<group>";
		};
		43DA7AB92B8BAB2500C35B28 /* LaunchScreen.storyboard */ = {
			isa = PBXVariantGroup;
			children = (
				43DA7ABA2B8BAB2500C35B28 /* Base */,
			);
			name = LaunchScreen.storyboard;
			sourceTree = "<group>";
		};
/* End PBXVariantGroup section */

/* Begin XCBuildConfiguration section */
		43DA7AD32B8BAB2600C35B28 /* Debug */ = {
			isa = XCBuildConfiguration;
			buildSettings = {
				ALWAYS_SEARCH_USER_PATHS = NO;
				CLANG_ANALYZER_NONNULL = YES;
				CLANG_ANALYZER_NUMBER_OBJECT_CONVERSION = YES_AGGRESSIVE;
				CLANG_CXX_LANGUAGE_STANDARD = "gnu++17";
				CLANG_CXX_LIBRARY = "libc++";
				CLANG_ENABLE_MODULES = YES;
				CLANG_ENABLE_OBJC_ARC = YES;
				CLANG_ENABLE_OBJC_WEAK = YES;
				CLANG_WARN_BLOCK_CAPTURE_AUTORELEASING = YES;
				CLANG_WARN_BOOL_CONVERSION = YES;
				CLANG_WARN_COMMA = YES;
				CLANG_WARN_CONSTANT_CONVERSION = YES;
				CLANG_WARN_DEPRECATED_OBJC_IMPLEMENTATIONS = YES;
				CLANG_WARN_DIRECT_OBJC_ISA_USAGE = YES_ERROR;
				CLANG_WARN_DOCUMENTATION_COMMENTS = YES;
				CLANG_WARN_EMPTY_BODY = YES;
				CLANG_WARN_ENUM_CONVERSION = YES;
				CLANG_WARN_INFINITE_RECURSION = YES;
				CLANG_WARN_INT_CONVERSION = YES;
				CLANG_WARN_NON_LITERAL_NULL_CONVERSION = YES;
				CLANG_WARN_OBJC_IMPLICIT_RETAIN_SELF = YES;
				CLANG_WARN_OBJC_LITERAL_CONVERSION = YES;
				CLANG_WARN_OBJC_ROOT_CLASS = YES_ERROR;
				CLANG_WARN_QUOTED_INCLUDE_IN_FRAMEWORK_HEADER = YES;
				CLANG_WARN_RANGE_LOOP_ANALYSIS = YES;
				CLANG_WARN_STRICT_PROTOTYPES = YES;
				CLANG_WARN_SUSPICIOUS_MOVE = YES;
				CLANG_WARN_UNGUARDED_AVAILABILITY = YES_AGGRESSIVE;
				CLANG_WARN_UNREACHABLE_CODE = YES;
				CLANG_WARN__DUPLICATE_METHOD_MATCH = YES;
				COPY_PHASE_STRIP = NO;
				DEBUG_INFORMATION_FORMAT = dwarf;
				ENABLE_STRICT_OBJC_MSGSEND = YES;
				ENABLE_TESTABILITY = YES;
				GCC_C_LANGUAGE_STANDARD = gnu11;
				GCC_DYNAMIC_NO_PIC = NO;
				GCC_NO_COMMON_BLOCKS = YES;
				GCC_OPTIMIZATION_LEVEL = 0;
				GCC_PREPROCESSOR_DEFINITIONS = (
					"DEBUG=1",
					"$(inherited)",
				);
				GCC_WARN_64_TO_32_BIT_CONVERSION = YES;
				GCC_WARN_ABOUT_RETURN_TYPE = YES_ERROR;
				GCC_WARN_UNDECLARED_SELECTOR = YES;
				GCC_WARN_UNINITIALIZED_AUTOS = YES_AGGRESSIVE;
				GCC_WARN_UNUSED_FUNCTION = YES;
				GCC_WARN_UNUSED_VARIABLE = YES;
				IPHONEOS_DEPLOYMENT_TARGET = 15.2;
				MTL_ENABLE_DEBUG_INFO = INCLUDE_SOURCE;
				MTL_FAST_MATH = YES;
				ONLY_ACTIVE_ARCH = YES;
				SDKROOT = iphoneos;
				SWIFT_ACTIVE_COMPILATION_CONDITIONS = DEBUG;
				SWIFT_OPTIMIZATION_LEVEL = "-Onone";
			};
			name = Debug;
		};
		43DA7AD42B8BAB2600C35B28 /* Release */ = {
			isa = XCBuildConfiguration;
			buildSettings = {
				ALWAYS_SEARCH_USER_PATHS = NO;
				CLANG_ANALYZER_NONNULL = YES;
				CLANG_ANALYZER_NUMBER_OBJECT_CONVERSION = YES_AGGRESSIVE;
				CLANG_CXX_LANGUAGE_STANDARD = "gnu++17";
				CLANG_CXX_LIBRARY = "libc++";
				CLANG_ENABLE_MODULES = YES;
				CLANG_ENABLE_OBJC_ARC = YES;
				CLANG_ENABLE_OBJC_WEAK = YES;
				CLANG_WARN_BLOCK_CAPTURE_AUTORELEASING = YES;
				CLANG_WARN_BOOL_CONVERSION = YES;
				CLANG_WARN_COMMA = YES;
				CLANG_WARN_CONSTANT_CONVERSION = YES;
				CLANG_WARN_DEPRECATED_OBJC_IMPLEMENTATIONS = YES;
				CLANG_WARN_DIRECT_OBJC_ISA_USAGE = YES_ERROR;
				CLANG_WARN_DOCUMENTATION_COMMENTS = YES;
				CLANG_WARN_EMPTY_BODY = YES;
				CLANG_WARN_ENUM_CONVERSION = YES;
				CLANG_WARN_INFINITE_RECURSION = YES;
				CLANG_WARN_INT_CONVERSION = YES;
				CLANG_WARN_NON_LITERAL_NULL_CONVERSION = YES;
				CLANG_WARN_OBJC_IMPLICIT_RETAIN_SELF = YES;
				CLANG_WARN_OBJC_LITERAL_CONVERSION = YES;
				CLANG_WARN_OBJC_ROOT_CLASS = YES_ERROR;
				CLANG_WARN_QUOTED_INCLUDE_IN_FRAMEWORK_HEADER = YES;
				CLANG_WARN_RANGE_LOOP_ANALYSIS = YES;
				CLANG_WARN_STRICT_PROTOTYPES = YES;
				CLANG_WARN_SUSPICIOUS_MOVE = YES;
				CLANG_WARN_UNGUARDED_AVAILABILITY = YES_AGGRESSIVE;
				CLANG_WARN_UNREACHABLE_CODE = YES;
				CLANG_WARN__DUPLICATE_METHOD_MATCH = YES;
				COPY_PHASE_STRIP = NO;
				DEBUG_INFORMATION_FORMAT = "dwarf-with-dsym";
				ENABLE_NS_ASSERTIONS = NO;
				ENABLE_STRICT_OBJC_MSGSEND = YES;
				GCC_C_LANGUAGE_STANDARD = gnu11;
				GCC_NO_COMMON_BLOCKS = YES;
				GCC_WARN_64_TO_32_BIT_CONVERSION = YES;
				GCC_WARN_ABOUT_RETURN_TYPE = YES_ERROR;
				GCC_WARN_UNDECLARED_SELECTOR = YES;
				GCC_WARN_UNINITIALIZED_AUTOS = YES_AGGRESSIVE;
				GCC_WARN_UNUSED_FUNCTION = YES;
				GCC_WARN_UNUSED_VARIABLE = YES;
				IPHONEOS_DEPLOYMENT_TARGET = 15.2;
				MTL_ENABLE_DEBUG_INFO = NO;
				MTL_FAST_MATH = YES;
				SDKROOT = iphoneos;
				SWIFT_COMPILATION_MODE = wholemodule;
				SWIFT_OPTIMIZATION_LEVEL = "-O";
				VALIDATE_PRODUCT = YES;
			};
			name = Release;
		};
		43DA7AD62B8BAB2600C35B28 /* Debug */ = {
			isa = XCBuildConfiguration;
			buildSettings = {
				ASSETCATALOG_COMPILER_APPICON_NAME = AppIcon;
				ASSETCATALOG_COMPILER_GLOBAL_ACCENT_COLOR_NAME = AccentColor;
				CODE_SIGN_STYLE = Automatic;
				CURRENT_PROJECT_VERSION = 1;
				DEVELOPMENT_TEAM = G3C78ULW2D;
				GENERATE_INFOPLIST_FILE = YES;
				INFOPLIST_FILE = TinkoffCalculator/Info.plist;
				INFOPLIST_KEY_UIApplicationSupportsIndirectInputEvents = YES;
				INFOPLIST_KEY_UILaunchStoryboardName = LaunchScreen;
				INFOPLIST_KEY_UIMainStoryboardFile = Main;
				INFOPLIST_KEY_UISupportedInterfaceOrientations_iPad = "UIInterfaceOrientationPortrait UIInterfaceOrientationPortraitUpsideDown UIInterfaceOrientationLandscapeLeft UIInterfaceOrientationLandscapeRight";
				INFOPLIST_KEY_UISupportedInterfaceOrientations_iPhone = "UIInterfaceOrientationPortrait UIInterfaceOrientationLandscapeLeft UIInterfaceOrientationLandscapeRight";
				LD_RUNPATH_SEARCH_PATHS = (
					"$(inherited)",
					"@executable_path/Frameworks",
				);
				MARKETING_VERSION = 1.0;
				PRODUCT_BUNDLE_IDENTIFIER = SimeonBurdelev.TinkoffCalculator;
				PRODUCT_NAME = "$(TARGET_NAME)";
				SWIFT_EMIT_LOC_STRINGS = YES;
				SWIFT_VERSION = 5.0;
				TARGETED_DEVICE_FAMILY = "1,2";
			};
			name = Debug;
		};
		43DA7AD72B8BAB2600C35B28 /* Release */ = {
			isa = XCBuildConfiguration;
			buildSettings = {
				ASSETCATALOG_COMPILER_APPICON_NAME = AppIcon;
				ASSETCATALOG_COMPILER_GLOBAL_ACCENT_COLOR_NAME = AccentColor;
				CODE_SIGN_STYLE = Automatic;
				CURRENT_PROJECT_VERSION = 1;
				DEVELOPMENT_TEAM = G3C78ULW2D;
				GENERATE_INFOPLIST_FILE = YES;
				INFOPLIST_FILE = TinkoffCalculator/Info.plist;
				INFOPLIST_KEY_UIApplicationSupportsIndirectInputEvents = YES;
				INFOPLIST_KEY_UILaunchStoryboardName = LaunchScreen;
				INFOPLIST_KEY_UIMainStoryboardFile = Main;
				INFOPLIST_KEY_UISupportedInterfaceOrientations_iPad = "UIInterfaceOrientationPortrait UIInterfaceOrientationPortraitUpsideDown UIInterfaceOrientationLandscapeLeft UIInterfaceOrientationLandscapeRight";
				INFOPLIST_KEY_UISupportedInterfaceOrientations_iPhone = "UIInterfaceOrientationPortrait UIInterfaceOrientationLandscapeLeft UIInterfaceOrientationLandscapeRight";
				LD_RUNPATH_SEARCH_PATHS = (
					"$(inherited)",
					"@executable_path/Frameworks",
				);
				MARKETING_VERSION = 1.0;
				PRODUCT_BUNDLE_IDENTIFIER = SimeonBurdelev.TinkoffCalculator;
				PRODUCT_NAME = "$(TARGET_NAME)";
				SWIFT_EMIT_LOC_STRINGS = YES;
				SWIFT_VERSION = 5.0;
				TARGETED_DEVICE_FAMILY = "1,2";
			};
			name = Release;
		};
		43DA7AD92B8BAB2600C35B28 /* Debug */ = {
			isa = XCBuildConfiguration;
			buildSettings = {
				ALWAYS_EMBED_SWIFT_STANDARD_LIBRARIES = YES;
				BUNDLE_LOADER = "$(TEST_HOST)";
				CODE_SIGN_STYLE = Automatic;
				CURRENT_PROJECT_VERSION = 1;
				DEVELOPMENT_TEAM = G3C78ULW2D;
				GENERATE_INFOPLIST_FILE = YES;
				IPHONEOS_DEPLOYMENT_TARGET = 15.2;
				MARKETING_VERSION = 1.0;
				PRODUCT_BUNDLE_IDENTIFIER = SimeonBurdelev.TinkoffCalculatorTests;
				PRODUCT_NAME = "$(TARGET_NAME)";
				SWIFT_EMIT_LOC_STRINGS = NO;
				SWIFT_VERSION = 5.0;
				TARGETED_DEVICE_FAMILY = "1,2";
				TEST_HOST = "$(BUILT_PRODUCTS_DIR)/TinkoffCalculator.app/TinkoffCalculator";
			};
			name = Debug;
		};
		43DA7ADA2B8BAB2600C35B28 /* Release */ = {
			isa = XCBuildConfiguration;
			buildSettings = {
				ALWAYS_EMBED_SWIFT_STANDARD_LIBRARIES = YES;
				BUNDLE_LOADER = "$(TEST_HOST)";
				CODE_SIGN_STYLE = Automatic;
				CURRENT_PROJECT_VERSION = 1;
				DEVELOPMENT_TEAM = G3C78ULW2D;
				GENERATE_INFOPLIST_FILE = YES;
				IPHONEOS_DEPLOYMENT_TARGET = 15.2;
				MARKETING_VERSION = 1.0;
				PRODUCT_BUNDLE_IDENTIFIER = SimeonBurdelev.TinkoffCalculatorTests;
				PRODUCT_NAME = "$(TARGET_NAME)";
				SWIFT_EMIT_LOC_STRINGS = NO;
				SWIFT_VERSION = 5.0;
				TARGETED_DEVICE_FAMILY = "1,2";
				TEST_HOST = "$(BUILT_PRODUCTS_DIR)/TinkoffCalculator.app/TinkoffCalculator";
			};
			name = Release;
		};
		43DA7ADC2B8BAB2600C35B28 /* Debug */ = {
			isa = XCBuildConfiguration;
			buildSettings = {
				ALWAYS_EMBED_SWIFT_STANDARD_LIBRARIES = YES;
				CODE_SIGN_STYLE = Automatic;
				CURRENT_PROJECT_VERSION = 1;
				DEVELOPMENT_TEAM = G3C78ULW2D;
				GENERATE_INFOPLIST_FILE = YES;
				MARKETING_VERSION = 1.0;
				PRODUCT_BUNDLE_IDENTIFIER = SimeonBurdelev.TinkoffCalculatorUITests;
				PRODUCT_NAME = "$(TARGET_NAME)";
				SWIFT_EMIT_LOC_STRINGS = NO;
				SWIFT_VERSION = 5.0;
				TARGETED_DEVICE_FAMILY = "1,2";
				TEST_TARGET_NAME = TinkoffCalculator;
			};
			name = Debug;
		};
		43DA7ADD2B8BAB2600C35B28 /* Release */ = {
			isa = XCBuildConfiguration;
			buildSettings = {
				ALWAYS_EMBED_SWIFT_STANDARD_LIBRARIES = YES;
				CODE_SIGN_STYLE = Automatic;
				CURRENT_PROJECT_VERSION = 1;
				DEVELOPMENT_TEAM = G3C78ULW2D;
				GENERATE_INFOPLIST_FILE = YES;
				MARKETING_VERSION = 1.0;
				PRODUCT_BUNDLE_IDENTIFIER = SimeonBurdelev.TinkoffCalculatorUITests;
				PRODUCT_NAME = "$(TARGET_NAME)";
				SWIFT_EMIT_LOC_STRINGS = NO;
				SWIFT_VERSION = 5.0;
				TARGETED_DEVICE_FAMILY = "1,2";
				TEST_TARGET_NAME = TinkoffCalculator;
			};
			name = Release;
		};
/* End XCBuildConfiguration section */

/* Begin XCConfigurationList section */
		43DA7AA62B8BAB1D00C35B28 /* Build configuration list for PBXProject "TinkoffCalculator" */ = {
			isa = XCConfigurationList;
			buildConfigurations = (
				43DA7AD32B8BAB2600C35B28 /* Debug */,
				43DA7AD42B8BAB2600C35B28 /* Release */,
			);
			defaultConfigurationIsVisible = 0;
			defaultConfigurationName = Release;
		};
		43DA7AD52B8BAB2600C35B28 /* Build configuration list for PBXNativeTarget "TinkoffCalculator" */ = {
			isa = XCConfigurationList;
			buildConfigurations = (
				43DA7AD62B8BAB2600C35B28 /* Debug */,
				43DA7AD72B8BAB2600C35B28 /* Release */,
			);
			defaultConfigurationIsVisible = 0;
			defaultConfigurationName = Release;
		};
		43DA7AD82B8BAB2600C35B28 /* Build configuration list for PBXNativeTarget "TinkoffCalculatorTests" */ = {
			isa = XCConfigurationList;
			buildConfigurations = (
				43DA7AD92B8BAB2600C35B28 /* Debug */,
				43DA7ADA2B8BAB2600C35B28 /* Release */,
			);
			defaultConfigurationIsVisible = 0;
			defaultConfigurationName = Release;
		};
		43DA7ADB2B8BAB2600C35B28 /* Build configuration list for PBXNativeTarget "TinkoffCalculatorUITests" */ = {
			isa = XCConfigurationList;
			buildConfigurations = (
				43DA7ADC2B8BAB2600C35B28 /* Debug */,
				43DA7ADD2B8BAB2600C35B28 /* Release */,
			);
			defaultConfigurationIsVisible = 0;
			defaultConfigurationName = Release;
		};
/* End XCConfigurationList section */
	};
	rootObject = 43DA7AA32B8BAB1D00C35B28 /* Project object */;
}
